
Microsoft Visual Studio Solution File, Format Version 12.00
# Visual Studio Version 16
VisualStudioVersion = 16.0.29709.97
MinimumVisualStudioVersion = 10.0.40219.1
Project("{9A19103F-16F7-4668-BE54-9A1E7A4F7556}") = "ExampleLibrary", "ExampleLibrary.csproj", "{724A3836-4A64-41DC-9658-988D18A1FB24}"
EndProject
Project("{2150E333-8FDC-42A3-9474-1A3956D46DE8}") = "Tests", "Tests", "{14059C33-1C2E-4D45-8E3D-39F97F729941}"
EndProject
Project("{FAE04EC0-301F-11D3-BF4B-00C04F79EFBC}") = "ExampleLibraryTests", "..\tests\ExampleLibraryTests\ExampleLibraryTests.csproj", "{805B0B78-13FD-4C57-8F31-15FA1CDDD79A}"
EndProject
Global
	GlobalSection(SolutionConfigurationPlatforms) = preSolution
		Debug|Any CPU = Debug|Any CPU
		Release|Any CPU = Release|Any CPU
	EndGlobalSection
	GlobalSection(ProjectConfigurationPlatforms) = postSolution
		{724A3836-4A64-41DC-9658-988D18A1FB24}.Debug|Any CPU.ActiveCfg = Debug|Any CPU
		{724A3836-4A64-41DC-9658-988D18A1FB24}.Debug|Any CPU.Build.0 = Debug|Any CPU
		{724A3836-4A64-41DC-9658-988D18A1FB24}.Release|Any CPU.ActiveCfg = Release|Any CPU
		{724A3836-4A64-41DC-9658-988D18A1FB24}.Release|Any CPU.Build.0 = Release|Any CPU
		{805B0B78-13FD-4C57-8F31-15FA1CDDD79A}.Debug|Any CPU.ActiveCfg = Debug|Any CPU
		{805B0B78-13FD-4C57-8F31-15FA1CDDD79A}.Debug|Any CPU.Build.0 = Debug|Any CPU
		{805B0B78-13FD-4C57-8F31-15FA1CDDD79A}.Release|Any CPU.ActiveCfg = Release|Any CPU
		{805B0B78-13FD-4C57-8F31-15FA1CDDD79A}.Release|Any CPU.Build.0 = Release|Any CPU
	EndGlobalSection
	GlobalSection(SolutionProperties) = preSolution
		HideSolutionNode = FALSE
	EndGlobalSection
	GlobalSection(NestedProjects) = preSolution
		{805B0B78-13FD-4C57-8F31-15FA1CDDD79A} = {14059C33-1C2E-4D45-8E3D-39F97F729941}
	EndGlobalSection
	GlobalSection(ExtensibilityGlobals) = postSolution
		SolutionGuid = {DD051FA5-DFD5-415A-BF0E-BE4DD9E0D974}
	EndGlobalSection
EndGlobal
